
Microsoft Visual Studio Solution File, Format Version 12.00
# Visual Studio Version 16
VisualStudioVersion = 16.0.30114.105
MinimumVisualStudioVersion = 10.0.40219.1
Project("{FAE04EC0-301F-11D3-BF4B-00C04F79EFBC}") = "MyApiApp", "MyApiApp\MyApiApp.csproj", "{58007935-A0FC-4087-8A1B-8A5601C45CEB}"
EndProject
Project("{FAE04EC0-301F-11D3-BF4B-00C04F79EFBC}") = "MyApiApp.Tests", "MyApiApp.Tests\MyApiApp.Tests.csproj", "{BC8F313C-65C1-4049-AFB6-6AEFFBEAA70C}"
EndProject
Global
	GlobalSection(SolutionConfigurationPlatforms) = preSolution
		Debug|Any CPU = Debug|Any CPU
		Release|Any CPU = Release|Any CPU
	EndGlobalSection
	GlobalSection(SolutionProperties) = preSolution
		HideSolutionNode = FALSE
	EndGlobalSection
	GlobalSection(ProjectConfigurationPlatforms) = postSolution
		{58007935-A0FC-4087-8A1B-8A5601C45CEB}.Debug|Any CPU.ActiveCfg = Debug|Any CPU
		{58007935-A0FC-4087-8A1B-8A5601C45CEB}.Debug|Any CPU.Build.0 = Debug|Any CPU
		{58007935-A0FC-4087-8A1B-8A5601C45CEB}.Release|Any CPU.ActiveCfg = Release|Any CPU
		{58007935-A0FC-4087-8A1B-8A5601C45CEB}.Release|Any CPU.Build.0 = Release|Any CPU
		{BC8F313C-65C1-4049-AFB6-6AEFFBEAA70C}.Debug|Any CPU.ActiveCfg = Debug|Any CPU
		{BC8F313C-65C1-4049-AFB6-6AEFFBEAA70C}.Debug|Any CPU.Build.0 = Debug|Any CPU
		{BC8F313C-65C1-4049-AFB6-6AEFFBEAA70C}.Release|Any CPU.ActiveCfg = Release|Any CPU
		{BC8F313C-65C1-4049-AFB6-6AEFFBEAA70C}.Release|Any CPU.Build.0 = Release|Any CPU
	EndGlobalSection
EndGlobal
